
Microsoft Visual Studio Solution File, Format Version 12.00
# Visual Studio 2013
VisualStudioVersion = 12.0.30723.0
MinimumVisualStudioVersion = 10.0.40219.1
Project("{8BC9CEB8-8B4A-11D0-8D11-00A0C91BC942}") = "CmdLineParser", "CmdLineParser\CmdLineParser.vcxproj", "{0EF5CE78-8E92-4A1B-A255-0F544AADA291}"
EndProject
Project("{8BC9CEB8-8B4A-11D0-8D11-00A0C91BC942}") = "CmdRequestCreator", "CmdRequestCreator\CmdRequestCreator.vcxproj", "{D238F8AA-DE12-49E7-B4A7-9B69579A69C0}"
	ProjectSection(ProjectDependencies) = postProject
		{B253AB42-F482-417A-82CE-EDAFCD26F366} = {B253AB42-F482-417A-82CE-EDAFCD26F366}
		{EFF06674-B068-45F1-9661-DB9363B025B3} = {EFF06674-B068-45F1-9661-DB9363B025B3}
		{0EF5CE78-8E92-4A1B-A255-0F544AADA291} = {0EF5CE78-8E92-4A1B-A255-0F544AADA291}
		{62DB1E99-FBA0-45FD-9355-423059BA03B8} = {62DB1E99-FBA0-45FD-9355-423059BA03B8}
		{60A28E9C-C245-4D99-9C1C-EC911031743F} = {60A28E9C-C245-4D99-9C1C-EC911031743F}
		{F6C211DC-B076-4716-BCDC-D7DE88973B66} = {F6C211DC-B076-4716-BCDC-D7DE88973B66}
	EndProjectSection
EndProject
Project("{8BC9CEB8-8B4A-11D0-8D11-00A0C91BC942}") = "IORequestGenerator", "IORequestGenerator\IORequestGenerator.vcxproj", "{62DB1E99-FBA0-45FD-9355-423059BA03B8}"
EndProject
Project("{8BC9CEB8-8B4A-11D0-8D11-00A0C91BC942}") = "ResultParser", "ResultParser\ResultParser.vcxproj", "{F6C211DC-B076-4716-BCDC-D7DE88973B66}"
EndProject
Project("{8BC9CEB8-8B4A-11D0-8D11-00A0C91BC942}") = "XmlProfileParser", "XmlProfileParser\XmlProfileParser.vcxproj", "{EFF06674-B068-45F1-9661-DB9363B025B3}"
EndProject
Project("{8BC9CEB8-8B4A-11D0-8D11-00A0C91BC942}") = "Common", "Common\Common.vcxproj", "{B253AB42-F482-417A-82CE-EDAFCD26F366}"
EndProject
Project("{8BC9CEB8-8B4A-11D0-8D11-00A0C91BC942}") = "XmlResultParser", "XmlResultParser\XmlResultParser.vcxproj", "{60A28E9C-C245-4D99-9C1C-EC911031743F}"
EndProject
Project("{2150E333-8FDC-42A3-9474-1A3956D46DE8}") = "UnitTests", "UnitTests", "{75E812B2-A4ED-49EC-B69D-A61B07718599}"
EndProject
Project("{8BC9CEB8-8B4A-11D0-8D11-00A0C91BC942}") = "CmdLineParser.UnitTests", "UnitTests\CmdLineParser\CmdLineParser.vcxproj", "{54186266-8BA1-438C-AE76-AD64503CA6E9}"
	ProjectSection(ProjectDependencies) = postProject
		{B253AB42-F482-417A-82CE-EDAFCD26F366} = {B253AB42-F482-417A-82CE-EDAFCD26F366}
		{0EF5CE78-8E92-4A1B-A255-0F544AADA291} = {0EF5CE78-8E92-4A1B-A255-0F544AADA291}
		{EFF06674-B068-45F1-9661-DB9363B025B3} = {EFF06674-B068-45F1-9661-DB9363B025B3}
	EndProjectSection
EndProject
Project("{8BC9CEB8-8B4A-11D0-8D11-00A0C91BC942}") = "Common.UnitTests", "UnitTests\Common\Common.vcxproj", "{BA9F561C-B103-48C9-A7C8-CE2B6BD89511}"
	ProjectSection(ProjectDependencies) = postProject
		{B253AB42-F482-417A-82CE-EDAFCD26F366} = {B253AB42-F482-417A-82CE-EDAFCD26F366}
	EndProjectSection
EndProject
Project("{8BC9CEB8-8B4A-11D0-8D11-00A0C91BC942}") = "IORequestGenerator.UnitTests", "UnitTests\IORequestGenerator\IORequestGenerator.vcxproj", "{13683A8B-2641-4287-9D66-A87834885057}"
	ProjectSection(ProjectDependencies) = postProject
		{B253AB42-F482-417A-82CE-EDAFCD26F366} = {B253AB42-F482-417A-82CE-EDAFCD26F366}
		{62DB1E99-FBA0-45FD-9355-423059BA03B8} = {62DB1E99-FBA0-45FD-9355-423059BA03B8}
	EndProjectSection
EndProject
Project("{8BC9CEB8-8B4A-11D0-8D11-00A0C91BC942}") = "XmlProfileParser.UnitTests", "UnitTests\XmlProfileParser\XmlProfileParser.vcxproj", "{B20AA8CF-ADFB-487C-B8F9-DBD3037F53AD}"
	ProjectSection(ProjectDependencies) = postProject
		{B253AB42-F482-417A-82CE-EDAFCD26F366} = {B253AB42-F482-417A-82CE-EDAFCD26F366}
		{EFF06674-B068-45F1-9661-DB9363B025B3} = {EFF06674-B068-45F1-9661-DB9363B025B3}
	EndProjectSection
EndProject
Project("{8BC9CEB8-8B4A-11D0-8D11-00A0C91BC942}") = "XmlResultParser.UnitTests", "UnitTests\XmlResultParser\XmlResultParser.vcxproj", "{D52F964B-C636-4DCC-AA7E-EE83A7AC41AD}"
	ProjectSection(ProjectDependencies) = postProject
		{B253AB42-F482-417A-82CE-EDAFCD26F366} = {B253AB42-F482-417A-82CE-EDAFCD26F366}
		{60A28E9C-C245-4D99-9C1C-EC911031743F} = {60A28E9C-C245-4D99-9C1C-EC911031743F}
	EndProjectSection
EndProject
Project("{8BC9CEB8-8B4A-11D0-8D11-00A0C91BC942}") = "ResultParser.UnitTests", "UnitTests\ResultParser\ResultParser.vcxproj", "{471E64C7-2C65-4E16-A82D-4BF22AE690DD}"
	ProjectSection(ProjectDependencies) = postProject
		{B253AB42-F482-417A-82CE-EDAFCD26F366} = {B253AB42-F482-417A-82CE-EDAFCD26F366}
		{F6C211DC-B076-4716-BCDC-D7DE88973B66} = {F6C211DC-B076-4716-BCDC-D7DE88973B66}
	EndProjectSection
EndProject
Project("{2150E333-8FDC-42A3-9474-1A3956D46DE8}") = "Solution Items", "Solution Items", "{A79934B6-6928-4BB4-85D1-81799E2AE3B0}"
	ProjectSection(SolutionItems) = preProject
		diskspd.arm64.runsettings = diskspd.arm64.runsettings
		diskspd.win32.runsettings = diskspd.win32.runsettings
		diskspd.x64.runsettings = diskspd.x64.runsettings
	EndProjectSection
EndProject
Global
	GlobalSection(SolutionConfigurationPlatforms) = preSolution
		Debug|Win32 = Debug|Win32
		Debug|x64 = Debug|x64
		Debug|ARM64 = Debug|ARM64
		Release|Win32 = Release|Win32
		Release|x64 = Release|x64
		Release|ARM64 = Release|ARM64
	EndGlobalSection
	GlobalSection(ProjectConfigurationPlatforms) = postSolution
		{0EF5CE78-8E92-4A1B-A255-0F544AADA291}.Debug|Win32.ActiveCfg = Debug|Win32
		{0EF5CE78-8E92-4A1B-A255-0F544AADA291}.Debug|Win32.Build.0 = Debug|Win32
		{0EF5CE78-8E92-4A1B-A255-0F544AADA291}.Debug|x64.ActiveCfg = Debug|x64
		{0EF5CE78-8E92-4A1B-A255-0F544AADA291}.Debug|x64.Build.0 = Debug|x64
		{0EF5CE78-8E92-4A1B-A255-0F544AADA291}.Debug|ARM64.ActiveCfg = Debug|ARM64
		{0EF5CE78-8E92-4A1B-A255-0F544AADA291}.Debug|ARM64.Build.0 = Debug|ARM64
		{0EF5CE78-8E92-4A1B-A255-0F544AADA291}.Release|Win32.ActiveCfg = Release|Win32
		{0EF5CE78-8E92-4A1B-A255-0F544AADA291}.Release|Win32.Build.0 = Release|Win32
		{0EF5CE78-8E92-4A1B-A255-0F544AADA291}.Release|x64.ActiveCfg = Release|x64
		{0EF5CE78-8E92-4A1B-A255-0F544AADA291}.Release|x64.Build.0 = Release|x64
		{0EF5CE78-8E92-4A1B-A255-0F544AADA291}.Release|ARM64.ActiveCfg = Release|ARM64
		{0EF5CE78-8E92-4A1B-A255-0F544AADA291}.Release|ARM64.Build.0 = Release|ARM64
		{D238F8AA-DE12-49E7-B4A7-9B69579A69C0}.Debug|Win32.ActiveCfg = Debug|Win32
		{D238F8AA-DE12-49E7-B4A7-9B69579A69C0}.Debug|Win32.Build.0 = Debug|Win32
		{D238F8AA-DE12-49E7-B4A7-9B69579A69C0}.Debug|x64.ActiveCfg = Debug|x64
		{D238F8AA-DE12-49E7-B4A7-9B69579A69C0}.Debug|x64.Build.0 = Debug|x64
		{D238F8AA-DE12-49E7-B4A7-9B69579A69C0}.Debug|ARM64.ActiveCfg = Debug|ARM64
		{D238F8AA-DE12-49E7-B4A7-9B69579A69C0}.Debug|ARM64.Build.0 = Debug|ARM64
		{D238F8AA-DE12-49E7-B4A7-9B69579A69C0}.Release|Win32.ActiveCfg = Release|Win32
		{D238F8AA-DE12-49E7-B4A7-9B69579A69C0}.Release|Win32.Build.0 = Release|Win32
		{D238F8AA-DE12-49E7-B4A7-9B69579A69C0}.Release|x64.ActiveCfg = Release|x64
		{D238F8AA-DE12-49E7-B4A7-9B69579A69C0}.Release|x64.Build.0 = Release|x64
		{D238F8AA-DE12-49E7-B4A7-9B69579A69C0}.Release|ARM64.ActiveCfg = Release|ARM64
		{D238F8AA-DE12-49E7-B4A7-9B69579A69C0}.Release|ARM64.Build.0 = Release|ARM64
		{62DB1E99-FBA0-45FD-9355-423059BA03B8}.Debug|Win32.ActiveCfg = Debug|Win32
		{62DB1E99-FBA0-45FD-9355-423059BA03B8}.Debug|Win32.Build.0 = Debug|Win32
		{62DB1E99-FBA0-45FD-9355-423059BA03B8}.Debug|x64.ActiveCfg = Debug|x64
		{62DB1E99-FBA0-45FD-9355-423059BA03B8}.Debug|x64.Build.0 = Debug|x64
		{62DB1E99-FBA0-45FD-9355-423059BA03B8}.Debug|ARM64.ActiveCfg = Debug|ARM64
		{62DB1E99-FBA0-45FD-9355-423059BA03B8}.Debug|ARM64.Build.0 = Debug|ARM64
		{62DB1E99-FBA0-45FD-9355-423059BA03B8}.Release|Win32.ActiveCfg = Release|Win32
		{62DB1E99-FBA0-45FD-9355-423059BA03B8}.Release|Win32.Build.0 = Release|Win32
		{62DB1E99-FBA0-45FD-9355-423059BA03B8}.Release|x64.ActiveCfg = Release|x64
		{62DB1E99-FBA0-45FD-9355-423059BA03B8}.Release|x64.Build.0 = Release|x64
		{62DB1E99-FBA0-45FD-9355-423059BA03B8}.Release|ARM64.ActiveCfg = Release|ARM64
		{62DB1E99-FBA0-45FD-9355-423059BA03B8}.Release|ARM64.Build.0 = Release|ARM64
		{F6C211DC-B076-4716-BCDC-D7DE88973B66}.Debug|Win32.ActiveCfg = Debug|Win32
		{F6C211DC-B076-4716-BCDC-D7DE88973B66}.Debug|Win32.Build.0 = Debug|Win32
		{F6C211DC-B076-4716-BCDC-D7DE88973B66}.Debug|x64.ActiveCfg = Debug|x64
		{F6C211DC-B076-4716-BCDC-D7DE88973B66}.Debug|x64.Build.0 = Debug|x64
		{F6C211DC-B076-4716-BCDC-D7DE88973B66}.Debug|ARM64.ActiveCfg = Debug|ARM64
		{F6C211DC-B076-4716-BCDC-D7DE88973B66}.Debug|ARM64.Build.0 = Debug|ARM64
		{F6C211DC-B076-4716-BCDC-D7DE88973B66}.Release|Win32.ActiveCfg = Release|Win32
		{F6C211DC-B076-4716-BCDC-D7DE88973B66}.Release|Win32.Build.0 = Release|Win32
		{F6C211DC-B076-4716-BCDC-D7DE88973B66}.Release|x64.ActiveCfg = Release|x64
		{F6C211DC-B076-4716-BCDC-D7DE88973B66}.Release|x64.Build.0 = Release|x64
		{F6C211DC-B076-4716-BCDC-D7DE88973B66}.Release|ARM64.ActiveCfg = Release|ARM64
		{F6C211DC-B076-4716-BCDC-D7DE88973B66}.Release|ARM64.Build.0 = Release|ARM64
		{EFF06674-B068-45F1-9661-DB9363B025B3}.Debug|Win32.ActiveCfg = Debug|Win32
		{EFF06674-B068-45F1-9661-DB9363B025B3}.Debug|Win32.Build.0 = Debug|Win32
		{EFF06674-B068-45F1-9661-DB9363B025B3}.Debug|x64.ActiveCfg = Debug|x64
		{EFF06674-B068-45F1-9661-DB9363B025B3}.Debug|x64.Build.0 = Debug|x64
		{EFF06674-B068-45F1-9661-DB9363B025B3}.Debug|ARM64.ActiveCfg = Debug|ARM64
		{EFF06674-B068-45F1-9661-DB9363B025B3}.Debug|ARM64.Build.0 = Debug|ARM64
		{EFF06674-B068-45F1-9661-DB9363B025B3}.Release|Win32.ActiveCfg = Release|Win32
		{EFF06674-B068-45F1-9661-DB9363B025B3}.Release|Win32.Build.0 = Release|Win32
		{EFF06674-B068-45F1-9661-DB9363B025B3}.Release|x64.ActiveCfg = Release|x64
		{EFF06674-B068-45F1-9661-DB9363B025B3}.Release|x64.Build.0 = Release|x64
		{EFF06674-B068-45F1-9661-DB9363B025B3}.Release|ARM64.ActiveCfg = Release|ARM64
		{EFF06674-B068-45F1-9661-DB9363B025B3}.Release|ARM64.Build.0 = Release|ARM64
		{B253AB42-F482-417A-82CE-EDAFCD26F366}.Debug|Win32.ActiveCfg = Debug|Win32
		{B253AB42-F482-417A-82CE-EDAFCD26F366}.Debug|Win32.Build.0 = Debug|Win32
		{B253AB42-F482-417A-82CE-EDAFCD26F366}.Debug|x64.ActiveCfg = Debug|x64
		{B253AB42-F482-417A-82CE-EDAFCD26F366}.Debug|x64.Build.0 = Debug|x64
		{B253AB42-F482-417A-82CE-EDAFCD26F366}.Debug|ARM64.ActiveCfg = Debug|ARM64
		{B253AB42-F482-417A-82CE-EDAFCD26F366}.Debug|ARM64.Build.0 = Debug|ARM64
		{B253AB42-F482-417A-82CE-EDAFCD26F366}.Release|Win32.ActiveCfg = Release|Win32
		{B253AB42-F482-417A-82CE-EDAFCD26F366}.Release|Win32.Build.0 = Release|Win32
		{B253AB42-F482-417A-82CE-EDAFCD26F366}.Release|x64.ActiveCfg = Release|x64
		{B253AB42-F482-417A-82CE-EDAFCD26F366}.Release|x64.Build.0 = Release|x64
		{B253AB42-F482-417A-82CE-EDAFCD26F366}.Release|ARM64.ActiveCfg = Release|ARM64
		{B253AB42-F482-417A-82CE-EDAFCD26F366}.Release|ARM64.Build.0 = Release|ARM64
		{60A28E9C-C245-4D99-9C1C-EC911031743F}.Debug|Win32.ActiveCfg = Debug|Win32
		{60A28E9C-C245-4D99-9C1C-EC911031743F}.Debug|Win32.Build.0 = Debug|Win32
		{60A28E9C-C245-4D99-9C1C-EC911031743F}.Debug|x64.ActiveCfg = Debug|x64
		{60A28E9C-C245-4D99-9C1C-EC911031743F}.Debug|x64.Build.0 = Debug|x64
		{60A28E9C-C245-4D99-9C1C-EC911031743F}.Debug|ARM64.ActiveCfg = Debug|ARM64
		{60A28E9C-C245-4D99-9C1C-EC911031743F}.Debug|ARM64.Build.0 = Debug|ARM64
		{60A28E9C-C245-4D99-9C1C-EC911031743F}.Release|Win32.ActiveCfg = Release|Win32
		{60A28E9C-C245-4D99-9C1C-EC911031743F}.Release|Win32.Build.0 = Release|Win32
		{60A28E9C-C245-4D99-9C1C-EC911031743F}.Release|x64.ActiveCfg = Release|x64
		{60A28E9C-C245-4D99-9C1C-EC911031743F}.Release|x64.Build.0 = Release|x64
		{60A28E9C-C245-4D99-9C1C-EC911031743F}.Release|ARM64.ActiveCfg = Release|ARM64
		{60A28E9C-C245-4D99-9C1C-EC911031743F}.Release|ARM64.Build.0 = Release|ARM64
		{54186266-8BA1-438C-AE76-AD64503CA6E9}.Debug|Win32.ActiveCfg = Debug|Win32
		{54186266-8BA1-438C-AE76-AD64503CA6E9}.Debug|Win32.Build.0 = Debug|Win32
		{54186266-8BA1-438C-AE76-AD64503CA6E9}.Debug|x64.ActiveCfg = Debug|x64
		{54186266-8BA1-438C-AE76-AD64503CA6E9}.Debug|x64.Build.0 = Debug|x64
		{54186266-8BA1-438C-AE76-AD64503CA6E9}.Debug|ARM64.ActiveCfg = Debug|ARM64
		{54186266-8BA1-438C-AE76-AD64503CA6E9}.Debug|ARM64.Build.0 = Debug|ARM64
		{54186266-8BA1-438C-AE76-AD64503CA6E9}.Release|Win32.ActiveCfg = Release|Win32
		{54186266-8BA1-438C-AE76-AD64503CA6E9}.Release|Win32.Build.0 = Release|Win32
		{54186266-8BA1-438C-AE76-AD64503CA6E9}.Release|x64.ActiveCfg = Release|x64
		{54186266-8BA1-438C-AE76-AD64503CA6E9}.Release|x64.Build.0 = Release|x64
		{54186266-8BA1-438C-AE76-AD64503CA6E9}.Release|ARM64.ActiveCfg = Release|ARM64
		{54186266-8BA1-438C-AE76-AD64503CA6E9}.Release|ARM64.Build.0 = Release|ARM64
		{BA9F561C-B103-48C9-A7C8-CE2B6BD89511}.Debug|Win32.ActiveCfg = Debug|Win32
		{BA9F561C-B103-48C9-A7C8-CE2B6BD89511}.Debug|Win32.Build.0 = Debug|Win32
		{BA9F561C-B103-48C9-A7C8-CE2B6BD89511}.Debug|x64.ActiveCfg = Debug|x64
		{BA9F561C-B103-48C9-A7C8-CE2B6BD89511}.Debug|x64.Build.0 = Debug|x64
		{BA9F561C-B103-48C9-A7C8-CE2B6BD89511}.Debug|ARM64.ActiveCfg = Debug|ARM64
		{BA9F561C-B103-48C9-A7C8-CE2B6BD89511}.Debug|ARM64.Build.0 = Debug|ARM64
		{BA9F561C-B103-48C9-A7C8-CE2B6BD89511}.Release|Win32.ActiveCfg = Release|Win32
		{BA9F561C-B103-48C9-A7C8-CE2B6BD89511}.Release|Win32.Build.0 = Release|Win32
		{BA9F561C-B103-48C9-A7C8-CE2B6BD89511}.Release|x64.ActiveCfg = Release|x64
		{BA9F561C-B103-48C9-A7C8-CE2B6BD89511}.Release|x64.Build.0 = Release|x64
		{BA9F561C-B103-48C9-A7C8-CE2B6BD89511}.Release|ARM64.ActiveCfg = Release|ARM64
		{BA9F561C-B103-48C9-A7C8-CE2B6BD89511}.Release|ARM64.Build.0 = Release|ARM64
		{13683A8B-2641-4287-9D66-A87834885057}.Debug|Win32.ActiveCfg = Debug|Win32
		{13683A8B-2641-4287-9D66-A87834885057}.Debug|Win32.Build.0 = Debug|Win32
		{13683A8B-2641-4287-9D66-A87834885057}.Debug|x64.ActiveCfg = Debug|x64
		{13683A8B-2641-4287-9D66-A87834885057}.Debug|x64.Build.0 = Debug|x64
		{13683A8B-2641-4287-9D66-A87834885057}.Debug|ARM64.ActiveCfg = Debug|ARM64
		{13683A8B-2641-4287-9D66-A87834885057}.Debug|ARM64.Build.0 = Debug|ARM64
		{13683A8B-2641-4287-9D66-A87834885057}.Release|Win32.ActiveCfg = Release|Win32
		{13683A8B-2641-4287-9D66-A87834885057}.Release|Win32.Build.0 = Release|Win32
		{13683A8B-2641-4287-9D66-A87834885057}.Release|x64.ActiveCfg = Release|x64
		{13683A8B-2641-4287-9D66-A87834885057}.Release|x64.Build.0 = Release|x64
		{13683A8B-2641-4287-9D66-A87834885057}.Release|ARM64.ActiveCfg = Release|ARM64
		{13683A8B-2641-4287-9D66-A87834885057}.Release|ARM64.Build.0 = Release|ARM64
		{B20AA8CF-ADFB-487C-B8F9-DBD3037F53AD}.Debug|Win32.ActiveCfg = Debug|Win32
		{B20AA8CF-ADFB-487C-B8F9-DBD3037F53AD}.Debug|Win32.Build.0 = Debug|Win32
		{B20AA8CF-ADFB-487C-B8F9-DBD3037F53AD}.Debug|x64.ActiveCfg = Debug|x64
		{B20AA8CF-ADFB-487C-B8F9-DBD3037F53AD}.Debug|x64.Build.0 = Debug|x64
		{B20AA8CF-ADFB-487C-B8F9-DBD3037F53AD}.Debug|ARM64.ActiveCfg = Debug|ARM64
		{B20AA8CF-ADFB-487C-B8F9-DBD3037F53AD}.Debug|ARM64.Build.0 = Debug|ARM64
		{B20AA8CF-ADFB-487C-B8F9-DBD3037F53AD}.Release|Win32.ActiveCfg = Release|Win32
		{B20AA8CF-ADFB-487C-B8F9-DBD3037F53AD}.Release|Win32.Build.0 = Release|Win32
		{B20AA8CF-ADFB-487C-B8F9-DBD3037F53AD}.Release|x64.ActiveCfg = Release|x64
		{B20AA8CF-ADFB-487C-B8F9-DBD3037F53AD}.Release|x64.Build.0 = Release|x64
		{B20AA8CF-ADFB-487C-B8F9-DBD3037F53AD}.Release|ARM64.ActiveCfg = Release|ARM64
		{B20AA8CF-ADFB-487C-B8F9-DBD3037F53AD}.Release|ARM64.Build.0 = Release|ARM64
		{D52F964B-C636-4DCC-AA7E-EE83A7AC41AD}.Debug|Win32.ActiveCfg = Debug|Win32
		{D52F964B-C636-4DCC-AA7E-EE83A7AC41AD}.Debug|Win32.Build.0 = Debug|Win32
		{D52F964B-C636-4DCC-AA7E-EE83A7AC41AD}.Debug|x64.ActiveCfg = Debug|x64
		{D52F964B-C636-4DCC-AA7E-EE83A7AC41AD}.Debug|x64.Build.0 = Debug|x64
		{D52F964B-C636-4DCC-AA7E-EE83A7AC41AD}.Debug|ARM64.ActiveCfg = Debug|ARM64
		{D52F964B-C636-4DCC-AA7E-EE83A7AC41AD}.Debug|ARM64.Build.0 = Debug|ARM64
		{D52F964B-C636-4DCC-AA7E-EE83A7AC41AD}.Release|Win32.ActiveCfg = Release|Win32
		{D52F964B-C636-4DCC-AA7E-EE83A7AC41AD}.Release|Win32.Build.0 = Release|Win32
		{D52F964B-C636-4DCC-AA7E-EE83A7AC41AD}.Release|x64.ActiveCfg = Release|x64
		{D52F964B-C636-4DCC-AA7E-EE83A7AC41AD}.Release|x64.Build.0 = Release|x64
		{D52F964B-C636-4DCC-AA7E-EE83A7AC41AD}.Release|ARM64.ActiveCfg = Release|ARM64
		{D52F964B-C636-4DCC-AA7E-EE83A7AC41AD}.Release|ARM64.Build.0 = Release|ARM64
		{471E64C7-2C65-4E16-A82D-4BF22AE690DD}.Debug|Win32.ActiveCfg = Debug|Win32
		{471E64C7-2C65-4E16-A82D-4BF22AE690DD}.Debug|Win32.Build.0 = Debug|Win32
		{471E64C7-2C65-4E16-A82D-4BF22AE690DD}.Debug|x64.ActiveCfg = Debug|x64
		{471E64C7-2C65-4E16-A82D-4BF22AE690DD}.Debug|x64.Build.0 = Debug|x64
		{471E64C7-2C65-4E16-A82D-4BF22AE690DD}.Debug|ARM64.ActiveCfg = Debug|ARM64
		{471E64C7-2C65-4E16-A82D-4BF22AE690DD}.Debug|ARM64.Build.0 = Debug|ARM64
		{471E64C7-2C65-4E16-A82D-4BF22AE690DD}.Release|Win32.ActiveCfg = Release|Win32
		{471E64C7-2C65-4E16-A82D-4BF22AE690DD}.Release|Win32.Build.0 = Release|Win32
		{471E64C7-2C65-4E16-A82D-4BF22AE690DD}.Release|x64.ActiveCfg = Release|x64
		{471E64C7-2C65-4E16-A82D-4BF22AE690DD}.Release|x64.Build.0 = Release|x64
		{471E64C7-2C65-4E16-A82D-4BF22AE690DD}.Release|ARM64.ActiveCfg = Release|ARM64
		{471E64C7-2C65-4E16-A82D-4BF22AE690DD}.Release|ARM64.Build.0 = Release|ARM64
	EndGlobalSection
	GlobalSection(SolutionProperties) = preSolution
		HideSolutionNode = FALSE
	EndGlobalSection
	GlobalSection(NestedProjects) = preSolution
		{54186266-8BA1-438C-AE76-AD64503CA6E9} = {75E812B2-A4ED-49EC-B69D-A61B07718599}
		{BA9F561C-B103-48C9-A7C8-CE2B6BD89511} = {75E812B2-A4ED-49EC-B69D-A61B07718599}
		{13683A8B-2641-4287-9D66-A87834885057} = {75E812B2-A4ED-49EC-B69D-A61B07718599}
		{B20AA8CF-ADFB-487C-B8F9-DBD3037F53AD} = {75E812B2-A4ED-49EC-B69D-A61B07718599}
		{D52F964B-C636-4DCC-AA7E-EE83A7AC41AD} = {75E812B2-A4ED-49EC-B69D-A61B07718599}
		{471E64C7-2C65-4E16-A82D-4BF22AE690DD} = {75E812B2-A4ED-49EC-B69D-A61B07718599}
	EndGlobalSection
EndGlobal
