
Microsoft Visual Studio Solution File, Format Version 12.00
# Visual Studio 15
VisualStudioVersion = 15.0.27130.2010
MinimumVisualStudioVersion = 10.0.40219.1
Project("{8BC9CEB8-8B4A-11D0-8D11-00A0C91BC942}") = "CmdLineParser", "UnitTests\CmdLineParser\CmdLineParser.vcxproj", "{54186266-8BA1-438C-AE76-AD64503CA6E9}"
EndProject
Project("{8BC9CEB8-8B4A-11D0-8D11-00A0C91BC942}") = "Common", "UnitTests\Common\Common.vcxproj", "{BA9F561C-B103-48C9-A7C8-CE2B6BD89511}"
EndProject
Project("{8BC9CEB8-8B4A-11D0-8D11-00A0C91BC942}") = "IORequestGenerator", "UnitTests\IORequestGenerator\IORequestGenerator.vcxproj", "{13683A8B-2641-4287-9D66-A87834885057}"
EndProject
Project("{8BC9CEB8-8B4A-11D0-8D11-00A0C91BC942}") = "XmlProfileParser", "UnitTests\XmlProfileParser\XmlProfileParser.vcxproj", "{B20AA8CF-ADFB-487C-B8F9-DBD3037F53AD}"
EndProject
Project("{8BC9CEB8-8B4A-11D0-8D11-00A0C91BC942}") = "XmlResultParser", "UnitTests\XmlResultParser\XmlResultParser.vcxproj", "{D52F964B-C636-4DCC-AA7E-EE83A7AC41AD}"
EndProject
Project("{8BC9CEB8-8B4A-11D0-8D11-00A0C91BC942}") = "ResultParser", "UnitTests\ResultParser\ResultParser.vcxproj", "{471E64C7-2C65-4E16-A82D-4BF22AE690DD}"
EndProject
Global
	GlobalSection(SolutionConfigurationPlatforms) = preSolution
		Debug|x64 = Debug|x64
		Debug|x86 = Debug|x86
		Release|x64 = Release|x64
		Release|x86 = Release|x86
	EndGlobalSection
	GlobalSection(ProjectConfigurationPlatforms) = postSolution
		{54186266-8BA1-438C-AE76-AD64503CA6E9}.Debug|x64.ActiveCfg = Debug|x64
		{54186266-8BA1-438C-AE76-AD64503CA6E9}.Debug|x64.Build.0 = Debug|x64
		{54186266-8BA1-438C-AE76-AD64503CA6E9}.Debug|x86.ActiveCfg = Debug|Win32
		{54186266-8BA1-438C-AE76-AD64503CA6E9}.Debug|x86.Build.0 = Debug|Win32
		{54186266-8BA1-438C-AE76-AD64503CA6E9}.Release|x64.ActiveCfg = Release|x64
		{54186266-8BA1-438C-AE76-AD64503CA6E9}.Release|x64.Build.0 = Release|x64
		{54186266-8BA1-438C-AE76-AD64503CA6E9}.Release|x86.ActiveCfg = Release|Win32
		{54186266-8BA1-438C-AE76-AD64503CA6E9}.Release|x86.Build.0 = Release|Win32
		{BA9F561C-B103-48C9-A7C8-CE2B6BD89511}.Debug|x64.ActiveCfg = Debug|x64
		{BA9F561C-B103-48C9-A7C8-CE2B6BD89511}.Debug|x64.Build.0 = Debug|x64
		{BA9F561C-B103-48C9-A7C8-CE2B6BD89511}.Debug|x86.ActiveCfg = Debug|Win32
		{BA9F561C-B103-48C9-A7C8-CE2B6BD89511}.Debug|x86.Build.0 = Debug|Win32
		{BA9F561C-B103-48C9-A7C8-CE2B6BD89511}.Release|x64.ActiveCfg = Release|x64
		{BA9F561C-B103-48C9-A7C8-CE2B6BD89511}.Release|x64.Build.0 = Release|x64
		{BA9F561C-B103-48C9-A7C8-CE2B6BD89511}.Release|x86.ActiveCfg = Release|Win32
		{BA9F561C-B103-48C9-A7C8-CE2B6BD89511}.Release|x86.Build.0 = Release|Win32
		{13683A8B-2641-4287-9D66-A87834885057}.Debug|x64.ActiveCfg = Debug|x64
		{13683A8B-2641-4287-9D66-A87834885057}.Debug|x64.Build.0 = Debug|x64
		{13683A8B-2641-4287-9D66-A87834885057}.Debug|x86.ActiveCfg = Debug|Win32
		{13683A8B-2641-4287-9D66-A87834885057}.Debug|x86.Build.0 = Debug|Win32
		{13683A8B-2641-4287-9D66-A87834885057}.Release|x64.ActiveCfg = Release|x64
		{13683A8B-2641-4287-9D66-A87834885057}.Release|x64.Build.0 = Release|x64
		{13683A8B-2641-4287-9D66-A87834885057}.Release|x86.ActiveCfg = Release|Win32
		{13683A8B-2641-4287-9D66-A87834885057}.Release|x86.Build.0 = Release|Win32
		{B20AA8CF-ADFB-487C-B8F9-DBD3037F53AD}.Debug|x64.ActiveCfg = Debug|x64
		{B20AA8CF-ADFB-487C-B8F9-DBD3037F53AD}.Debug|x64.Build.0 = Debug|x64
		{B20AA8CF-ADFB-487C-B8F9-DBD3037F53AD}.Debug|x86.ActiveCfg = Debug|Win32
		{B20AA8CF-ADFB-487C-B8F9-DBD3037F53AD}.Debug|x86.Build.0 = Debug|Win32
		{B20AA8CF-ADFB-487C-B8F9-DBD3037F53AD}.Release|x64.ActiveCfg = Release|x64
		{B20AA8CF-ADFB-487C-B8F9-DBD3037F53AD}.Release|x64.Build.0 = Release|x64
		{B20AA8CF-ADFB-487C-B8F9-DBD3037F53AD}.Release|x86.ActiveCfg = Release|Win32
		{B20AA8CF-ADFB-487C-B8F9-DBD3037F53AD}.Release|x86.Build.0 = Release|Win32
		{D52F964B-C636-4DCC-AA7E-EE83A7AC41AD}.Debug|x64.ActiveCfg = Debug|x64
		{D52F964B-C636-4DCC-AA7E-EE83A7AC41AD}.Debug|x64.Build.0 = Debug|x64
		{D52F964B-C636-4DCC-AA7E-EE83A7AC41AD}.Debug|x86.ActiveCfg = Debug|Win32
		{D52F964B-C636-4DCC-AA7E-EE83A7AC41AD}.Debug|x86.Build.0 = Debug|Win32
		{D52F964B-C636-4DCC-AA7E-EE83A7AC41AD}.Release|x64.ActiveCfg = Release|x64
		{D52F964B-C636-4DCC-AA7E-EE83A7AC41AD}.Release|x64.Build.0 = Release|x64
		{D52F964B-C636-4DCC-AA7E-EE83A7AC41AD}.Release|x86.ActiveCfg = Release|Win32
		{D52F964B-C636-4DCC-AA7E-EE83A7AC41AD}.Release|x86.Build.0 = Release|Win32
		{471E64C7-2C65-4E16-A82D-4BF22AE690DD}.Debug|x64.ActiveCfg = Debug|x64
		{471E64C7-2C65-4E16-A82D-4BF22AE690DD}.Debug|x64.Build.0 = Debug|x64
		{471E64C7-2C65-4E16-A82D-4BF22AE690DD}.Debug|x86.ActiveCfg = Debug|Win32
		{471E64C7-2C65-4E16-A82D-4BF22AE690DD}.Debug|x86.Build.0 = Debug|Win32
		{471E64C7-2C65-4E16-A82D-4BF22AE690DD}.Release|x64.ActiveCfg = Release|x64
		{471E64C7-2C65-4E16-A82D-4BF22AE690DD}.Release|x64.Build.0 = Release|x64
		{471E64C7-2C65-4E16-A82D-4BF22AE690DD}.Release|x86.ActiveCfg = Release|Win32
		{471E64C7-2C65-4E16-A82D-4BF22AE690DD}.Release|x86.Build.0 = Release|Win32
	EndGlobalSection
	GlobalSection(SolutionProperties) = preSolution
		HideSolutionNode = FALSE
	EndGlobalSection
	GlobalSection(ExtensibilityGlobals) = postSolution
		SolutionGuid = {FB4A98A9-4B75-40C4-B6F2-145D57FC54C4}
	EndGlobalSection
EndGlobal
